schema: '2.0'
stages:
  clean_data:
    cmd: python starter/clean_data.py
    deps:
    - path: data/census.csv
      md5: 145de00f6e6053d3f7044628f9a5b5ff
      size: 3974474
    - path: starter/clean_data.py
      md5: 10413927b20425e10f169b2f4ec3b1ed
      size: 887
    outs:
    - path: data/cleaned_census.csv
      md5: 26fe782a9c253641e0b50a4207eed5da
      size: 3700096
  train_model:
    cmd: python starter/train_model.py
    deps:
    - path: data/cleaned_census.csv
      md5: 26fe782a9c253641e0b50a4207eed5da
      size: 3700096
    - path: starter/ml/data.py
      md5: efdfccc49d97f2349e8b895c79e874d4
      size: 2808
    - path: starter/ml/model.py
      md5: 6049d427e20328f2fe0f524bbea4ba8a
      size: 2620
    - path: starter/train_model.py
      md5: 00b6554d69297977087ab090852dbbc0
      size: 3855
    outs:
    - path: model/encoder.pkl
      md5: 93c7e444e4ef273b89739ebb1c9b2df7
      size: 3873
    - path: model/model.pkl
      md5: 67b81ffd7e2d54daef022b7798b972d2
      size: 1843166
    - path: model/score.json
      md5: c7d6ee8af167716d9bc8ecfc747fac4b
      size: 126
  segregate_data:
    cmd: python starter/segregate.py
    deps:
    - path: data/cleaned_census.csv
      md5: 26fe782a9c253641e0b50a4207eed5da
      size: 3700096
    - path: starter/segregate.py
      md5: 08b1a281c3454fd34a4b8c22643b5eef
      size: 1373
    outs:
    - path: data/test_cleaned_census.csv
      md5: 337c23df7270a5042c0b38f86d044184
      size: 778052
    - path: data/train_cleaned_census.csv
      md5: 758256915fa6a808851f4eb2ca8c6747
      size: 3106334
